{
  "version": 4,
  "terraform_version": "1.3.5",
  "serial": 47,
  "lineage": "023bd7ee-10e8-1f4c-d634-6b1735bf3f6a",
  "outputs": {},
  "resources": [
    {
      "mode": "managed",
      "type": "fly_app",
      "name": "dicetrace_backend_app",
      "provider": "provider[\"registry.terraform.io/fly-apps/fly\"]",
      "instances": [
        {
          "schema_version": 0,
          "attributes": {
            "appurl": "https://2a09:8280:1::3:c818",
            "id": "dicetrace-backend",
            "name": "dicetrace-backend",
            "org": "dicetrace",
            "orgid": "896mQD3oYX6ANTBln3aOD7GN5Ocp4lVQw"
          },
          "sensitive_attributes": []
        }
      ]
    },
    {
      "mode": "managed",
      "type": "fly_app",
      "name": "dicetrace_database_app",
      "provider": "provider[\"registry.terraform.io/fly-apps/fly\"]",
      "instances": [
        {
          "schema_version": 0,
          "attributes": {
            "appurl": "https://188.93.149.184",
            "id": "dicetrace-database",
            "name": "dicetrace-database",
            "org": "dicetrace",
            "orgid": "896mQD3oYX6ANTBln3aOD7GN5Ocp4lVQw"
          },
          "sensitive_attributes": []
        }
      ]
    },
    {
      "mode": "managed",
      "type": "fly_ip",
      "name": "dicetrace_backend_ipv4",
      "provider": "provider[\"registry.terraform.io/fly-apps/fly\"]",
      "instances": [
        {
          "schema_version": 0,
          "attributes": {
            "address": "213.188.198.229",
            "app": "dicetrace-backend",
            "id": "ip_zxp31e0oyoj2kr7g",
            "region": "global",
            "type": "v4"
          },
          "sensitive_attributes": [],
          "dependencies": [
            "fly_app.dicetrace_backend_app"
          ]
        }
      ]
    },
    {
      "mode": "managed",
      "type": "fly_ip",
      "name": "dicetrace_backend_ipv6",
      "provider": "provider[\"registry.terraform.io/fly-apps/fly\"]",
      "instances": [
        {
          "schema_version": 0,
          "attributes": {
            "address": "2a09:8280:1::3:c818",
            "app": "dicetrace-backend",
            "id": "ip_4jq72j0mxm71w3o8",
            "region": "global",
            "type": "v6"
          },
          "sensitive_attributes": [],
          "dependencies": [
            "fly_app.dicetrace_backend_app"
          ]
        }
      ]
    },
    {
      "mode": "managed",
      "type": "fly_ip",
      "name": "dicetrace_database_ipv4",
      "provider": "provider[\"registry.terraform.io/fly-apps/fly\"]",
      "instances": [
        {
          "schema_version": 0,
          "attributes": {
            "address": "188.93.149.184",
            "app": "dicetrace-database",
            "id": "ip_woml9znqy0y90e6y",
            "region": "global",
            "type": "v4"
          },
          "sensitive_attributes": [],
          "dependencies": [
            "fly_app.dicetrace_database_app"
          ]
        }
      ]
    },
    {
      "mode": "managed",
      "type": "fly_machine",
      "name": "dicetrace_backend_machine",
      "provider": "provider[\"registry.terraform.io/fly-apps/fly\"]",
      "instances": [
        {
          "index_key": "fra",
          "schema_version": 0,
          "attributes": {
            "app": "dicetrace-backend",
            "cmd": null,
            "cpus": 1,
            "cputype": "shared",
            "entrypoint": null,
            "env": {
              "DB_IP": "fra.dicetrace-database.internal"
            },
            "exec": null,
            "id": "e286013fe19e18",
            "image": "traefik/whoami:latest",
            "memorymb": 256,
            "mounts": null,
            "name": "dicetrace-backend-fra",
            "privateip": "fdaa:1:214e:a7b:caca:30b6:7a1a:2",
            "region": "fra",
            "services": [
              {
                "internal_port": 80,
                "ports": [
                  {
                    "handlers": [
                      "tls",
                      "http"
                    ],
                    "port": 443
                  },
                  {
                    "handlers": [
                      "http"
                    ],
                    "port": 80
                  }
                ],
                "protocol": "tcp"
              }
            ]
          },
          "sensitive_attributes": [],
          "dependencies": [
            "fly_app.dicetrace_backend_app",
            "fly_app.dicetrace_database_app",
            "fly_machine.dicetrace_database_machine",
            "fly_volume.dicetrace_database_volume"
          ]
        }
      ]
    },
    {
      "mode": "managed",
      "type": "fly_machine",
      "name": "dicetrace_database_machine",
      "provider": "provider[\"registry.terraform.io/fly-apps/fly\"]",
      "instances": [
        {
          "index_key": "fra",
          "schema_version": 0,
          "attributes": {
            "app": "dicetrace-database",
            "cmd": [
              "mongod",
              "--ipv6"
            ],
            "cpus": 1,
            "cputype": "shared",
            "entrypoint": null,
            "env": {},
            "exec": null,
            "id": "6e82932a593687",
            "image": "mongo:latest",
            "memorymb": 256,
            "mounts": [
              {
                "encrypted": false,
                "path": "/data/db",
                "size_gb": 1,
                "volume": "dicetrace_database_volume_fra"
              }
            ],
            "name": "dicetrace-database-fra",
            "privateip": "fdaa:1:214e:a7b:c07e:905a:b63d:2",
            "region": "fra",
            "services": [
              {
                "internal_port": 27017,
                "ports": [
                  {
                    "handlers": [
                      "http"
                    ],
                    "port": 27017
                  }
                ],
                "protocol": "tcp"
              }
            ]
          },
          "sensitive_attributes": [],
          "dependencies": [
            "fly_app.dicetrace_database_app",
            "fly_volume.dicetrace_database_volume"
          ]
        }
      ]
    },
    {
      "mode": "managed",
      "type": "fly_volume",
      "name": "dicetrace_database_volume",
      "provider": "provider[\"registry.terraform.io/fly-apps/fly\"]",
      "instances": [
        {
          "index_key": "fra",
          "schema_version": 0,
          "attributes": {
            "app": "dicetrace-database",
            "id": "vol_1g67340jwpnrydxw",
            "internalid": "1g67340jwpnrydxw",
            "name": "dicetrace_database_volume_fra",
            "region": "fra",
            "size": 1
          },
          "sensitive_attributes": [],
          "dependencies": [
            "fly_app.dicetrace_database_app"
          ]
        }
      ]
    }
  ],
  "check_results": null
}
